
Microsoft Visual Studio Solution File, Format Version 12.00
# Visual Studio 15
VisualStudioVersion = 15.0.27130.2027
MinimumVisualStudioVersion = 10.0.40219.1
Project("{FAE04EC0-301F-11D3-BF4B-00C04F79EFBC}") = "Lab01", "Lab01\Lab01.csproj", "{CC8CE94F-73A1-49CE-BE6B-4323E8D05E23}"
EndProject
Project("{FAE04EC0-301F-11D3-BF4B-00C04F79EFBC}") = "GameEngine", "GameEngine\GameEngine.csproj", "{12F58108-C856-4C58-BD1C-F473ABAD2468}"
EndProject
Project("{FAE04EC0-301F-11D3-BF4B-00C04F79EFBC}") = "Lab02", "Lab02\Lab02.csproj", "{46FB19C2-99E2-424B-B074-346D2A616078}"
EndProject
Project("{FAE04EC0-301F-11D3-BF4B-00C04F79EFBC}") = "Lab03", "Lab03\Lab03.csproj", "{23A82189-1A53-47E9-A721-A1B6A59FE0E4}"
EndProject
Project("{FAE04EC0-301F-11D3-BF4B-00C04F79EFBC}") = "Lab04", "Lab04\Lab04.csproj", "{2213DBF1-71B1-4045-AEF0-296D26F58C34}"
EndProject
Project("{FAE04EC0-301F-11D3-BF4B-00C04F79EFBC}") = "Homework01", "Homework01\Homework01.csproj", "{0B1E6A34-68DE-487B-A835-7006168A1628}"
EndProject
Project("{FAE04EC0-301F-11D3-BF4B-00C04F79EFBC}") = "Lab05", "Lab05\Lab05.csproj", "{877E54E5-7C79-4FB3-8F42-0543CFF5EDDB}"
EndProject
Project("{FAE04EC0-301F-11D3-BF4B-00C04F79EFBC}") = "Lab06", "Lab06\Lab06.csproj", "{0EC7EE9D-CD88-4544-B729-AF5F0F9128EF}"
EndProject
Project("{FAE04EC0-301F-11D3-BF4B-00C04F79EFBC}") = "Homework02", "Homework2\Homework02.csproj", "{08B3FA24-F70D-4D1D-B597-F67BD3EB2318}"
EndProject
Project("{FAE04EC0-301F-11D3-BF4B-00C04F79EFBC}") = "Lab07", "Lab07\Lab07.csproj", "{C403365C-62B8-44AA-AD8B-324B3D650563}"
EndProject
Project("{FAE04EC0-301F-11D3-BF4B-00C04F79EFBC}") = "Lab08", "Lab08\Lab08.csproj", "{23D7AAAA-6306-48D8-8890-404935D530EE}"
EndProject
Project("{FAE04EC0-301F-11D3-BF4B-00C04F79EFBC}") = "Homework03", "Homework03\Homework03.csproj", "{BF3BE52A-22E9-4F86-8413-D04D26BCF6A7}"
EndProject
Project("{FAE04EC0-301F-11D3-BF4B-00C04F79EFBC}") = "Lab09", "Lab09\Lab09.csproj", "{764DFD15-993A-4250-B33F-320270A54ABF}"
EndProject
Project("{FAE04EC0-301F-11D3-BF4B-00C04F79EFBC}") = "Homework04", "Homework04\Homework04.csproj", "{A24A8718-1D65-4B84-A5FD-BB9DC2D8F2F0}"
EndProject
Project("{FAE04EC0-301F-11D3-BF4B-00C04F79EFBC}") = "Lab10", "Lab10\Lab10.csproj", "{A0CE1D27-B2F5-4374-96F5-4E000D154DF7}"
EndProject
Project("{FAE04EC0-301F-11D3-BF4B-00C04F79EFBC}") = "Homework05", "Homework05\Homework05.csproj", "{68631054-CE4D-4983-A0A4-E41423CB907D}"
EndProject
Project("{FAE04EC0-301F-11D3-BF4B-00C04F79EFBC}") = "Lab11", "Lab11\Lab11.csproj", "{35FDB314-6896-4020-98D7-26A4DF7E25A7}"
EndProject
Project("{FAE04EC0-301F-11D3-BF4B-00C04F79EFBC}") = "FinalProject", "FinalProject\FinalProject.csproj", "{FC1F6945-8C73-4677-83F2-E7D6638E71F0}"
EndProject
Global
	GlobalSection(SolutionConfigurationPlatforms) = preSolution
		Debug|x86 = Debug|x86
		Release|x86 = Release|x86
	EndGlobalSection
	GlobalSection(ProjectConfigurationPlatforms) = postSolution
		{CC8CE94F-73A1-49CE-BE6B-4323E8D05E23}.Debug|x86.ActiveCfg = Debug|x86
		{CC8CE94F-73A1-49CE-BE6B-4323E8D05E23}.Debug|x86.Build.0 = Debug|x86
		{CC8CE94F-73A1-49CE-BE6B-4323E8D05E23}.Release|x86.ActiveCfg = Release|x86
		{CC8CE94F-73A1-49CE-BE6B-4323E8D05E23}.Release|x86.Build.0 = Release|x86
		{12F58108-C856-4C58-BD1C-F473ABAD2468}.Debug|x86.ActiveCfg = Debug|x86
		{12F58108-C856-4C58-BD1C-F473ABAD2468}.Debug|x86.Build.0 = Debug|x86
		{12F58108-C856-4C58-BD1C-F473ABAD2468}.Release|x86.ActiveCfg = Release|x86
		{12F58108-C856-4C58-BD1C-F473ABAD2468}.Release|x86.Build.0 = Release|x86
		{46FB19C2-99E2-424B-B074-346D2A616078}.Debug|x86.ActiveCfg = Debug|x86
		{46FB19C2-99E2-424B-B074-346D2A616078}.Debug|x86.Build.0 = Debug|x86
		{46FB19C2-99E2-424B-B074-346D2A616078}.Release|x86.ActiveCfg = Release|x86
		{46FB19C2-99E2-424B-B074-346D2A616078}.Release|x86.Build.0 = Release|x86
		{23A82189-1A53-47E9-A721-A1B6A59FE0E4}.Debug|x86.ActiveCfg = Debug|x86
		{23A82189-1A53-47E9-A721-A1B6A59FE0E4}.Debug|x86.Build.0 = Debug|x86
		{23A82189-1A53-47E9-A721-A1B6A59FE0E4}.Release|x86.ActiveCfg = Release|x86
		{23A82189-1A53-47E9-A721-A1B6A59FE0E4}.Release|x86.Build.0 = Release|x86
		{2213DBF1-71B1-4045-AEF0-296D26F58C34}.Debug|x86.ActiveCfg = Debug|x86
		{2213DBF1-71B1-4045-AEF0-296D26F58C34}.Debug|x86.Build.0 = Debug|x86
		{2213DBF1-71B1-4045-AEF0-296D26F58C34}.Release|x86.ActiveCfg = Release|x86
		{2213DBF1-71B1-4045-AEF0-296D26F58C34}.Release|x86.Build.0 = Release|x86
		{0B1E6A34-68DE-487B-A835-7006168A1628}.Debug|x86.ActiveCfg = Debug|x86
		{0B1E6A34-68DE-487B-A835-7006168A1628}.Debug|x86.Build.0 = Debug|x86
		{0B1E6A34-68DE-487B-A835-7006168A1628}.Release|x86.ActiveCfg = Release|x86
		{0B1E6A34-68DE-487B-A835-7006168A1628}.Release|x86.Build.0 = Release|x86
		{877E54E5-7C79-4FB3-8F42-0543CFF5EDDB}.Debug|x86.ActiveCfg = Debug|x86
		{877E54E5-7C79-4FB3-8F42-0543CFF5EDDB}.Debug|x86.Build.0 = Debug|x86
		{877E54E5-7C79-4FB3-8F42-0543CFF5EDDB}.Release|x86.ActiveCfg = Release|x86
		{877E54E5-7C79-4FB3-8F42-0543CFF5EDDB}.Release|x86.Build.0 = Release|x86
		{0EC7EE9D-CD88-4544-B729-AF5F0F9128EF}.Debug|x86.ActiveCfg = Debug|x86
		{0EC7EE9D-CD88-4544-B729-AF5F0F9128EF}.Debug|x86.Build.0 = Debug|x86
		{0EC7EE9D-CD88-4544-B729-AF5F0F9128EF}.Release|x86.ActiveCfg = Release|x86
		{0EC7EE9D-CD88-4544-B729-AF5F0F9128EF}.Release|x86.Build.0 = Release|x86
		{08B3FA24-F70D-4D1D-B597-F67BD3EB2318}.Debug|x86.ActiveCfg = Debug|x86
		{08B3FA24-F70D-4D1D-B597-F67BD3EB2318}.Debug|x86.Build.0 = Debug|x86
		{08B3FA24-F70D-4D1D-B597-F67BD3EB2318}.Release|x86.ActiveCfg = Release|x86
		{08B3FA24-F70D-4D1D-B597-F67BD3EB2318}.Release|x86.Build.0 = Release|x86
		{C403365C-62B8-44AA-AD8B-324B3D650563}.Debug|x86.ActiveCfg = Debug|x86
		{C403365C-62B8-44AA-AD8B-324B3D650563}.Debug|x86.Build.0 = Debug|x86
		{C403365C-62B8-44AA-AD8B-324B3D650563}.Release|x86.ActiveCfg = Release|x86
		{C403365C-62B8-44AA-AD8B-324B3D650563}.Release|x86.Build.0 = Release|x86
		{23D7AAAA-6306-48D8-8890-404935D530EE}.Debug|x86.ActiveCfg = Debug|x86
		{23D7AAAA-6306-48D8-8890-404935D530EE}.Debug|x86.Build.0 = Debug|x86
		{23D7AAAA-6306-48D8-8890-404935D530EE}.Release|x86.ActiveCfg = Release|x86
		{23D7AAAA-6306-48D8-8890-404935D530EE}.Release|x86.Build.0 = Release|x86
		{BF3BE52A-22E9-4F86-8413-D04D26BCF6A7}.Debug|x86.ActiveCfg = Debug|x86
		{BF3BE52A-22E9-4F86-8413-D04D26BCF6A7}.Debug|x86.Build.0 = Debug|x86
		{BF3BE52A-22E9-4F86-8413-D04D26BCF6A7}.Release|x86.ActiveCfg = Release|x86
		{BF3BE52A-22E9-4F86-8413-D04D26BCF6A7}.Release|x86.Build.0 = Release|x86
		{764DFD15-993A-4250-B33F-320270A54ABF}.Debug|x86.ActiveCfg = Debug|x86
		{764DFD15-993A-4250-B33F-320270A54ABF}.Debug|x86.Build.0 = Debug|x86
		{764DFD15-993A-4250-B33F-320270A54ABF}.Release|x86.ActiveCfg = Release|x86
		{764DFD15-993A-4250-B33F-320270A54ABF}.Release|x86.Build.0 = Release|x86
		{A24A8718-1D65-4B84-A5FD-BB9DC2D8F2F0}.Debug|x86.ActiveCfg = Debug|x86
		{A24A8718-1D65-4B84-A5FD-BB9DC2D8F2F0}.Debug|x86.Build.0 = Debug|x86
		{A24A8718-1D65-4B84-A5FD-BB9DC2D8F2F0}.Release|x86.ActiveCfg = Release|x86
		{A24A8718-1D65-4B84-A5FD-BB9DC2D8F2F0}.Release|x86.Build.0 = Release|x86
		{A0CE1D27-B2F5-4374-96F5-4E000D154DF7}.Debug|x86.ActiveCfg = Debug|x86
		{A0CE1D27-B2F5-4374-96F5-4E000D154DF7}.Debug|x86.Build.0 = Debug|x86
		{A0CE1D27-B2F5-4374-96F5-4E000D154DF7}.Release|x86.ActiveCfg = Release|x86
		{A0CE1D27-B2F5-4374-96F5-4E000D154DF7}.Release|x86.Build.0 = Release|x86
		{68631054-CE4D-4983-A0A4-E41423CB907D}.Debug|x86.ActiveCfg = Debug|x86
		{68631054-CE4D-4983-A0A4-E41423CB907D}.Debug|x86.Build.0 = Debug|x86
		{68631054-CE4D-4983-A0A4-E41423CB907D}.Release|x86.ActiveCfg = Release|x86
		{68631054-CE4D-4983-A0A4-E41423CB907D}.Release|x86.Build.0 = Release|x86
		{35FDB314-6896-4020-98D7-26A4DF7E25A7}.Debug|x86.ActiveCfg = Debug|x86
		{35FDB314-6896-4020-98D7-26A4DF7E25A7}.Debug|x86.Build.0 = Debug|x86
		{35FDB314-6896-4020-98D7-26A4DF7E25A7}.Release|x86.ActiveCfg = Release|x86
		{35FDB314-6896-4020-98D7-26A4DF7E25A7}.Release|x86.Build.0 = Release|x86
		{FC1F6945-8C73-4677-83F2-E7D6638E71F0}.Debug|x86.ActiveCfg = Debug|x86
		{FC1F6945-8C73-4677-83F2-E7D6638E71F0}.Debug|x86.Build.0 = Debug|x86
		{FC1F6945-8C73-4677-83F2-E7D6638E71F0}.Release|x86.ActiveCfg = Release|x86
		{FC1F6945-8C73-4677-83F2-E7D6638E71F0}.Release|x86.Build.0 = Release|x86
	EndGlobalSection
	GlobalSection(SolutionProperties) = preSolution
		HideSolutionNode = FALSE
	EndGlobalSection
	GlobalSection(ExtensibilityGlobals) = postSolution
		SolutionGuid = {A392BF3E-4D33-4553-ACD1-C65F25BA5911}
	EndGlobalSection
EndGlobal
